{
    "_meta": {
        "hash": {
            "sha256": "2bc86c2c45dba6846abb25f908bf66fa0f7764d595edd665d731ac740c436f44"
        },
        "pipfile-spec": 6,
        "requires": {
            "python_version": "3.10"
        },
        "sources": [
            {
                "name": "pypi",
                "url": "https://pypi.org/simple",
                "verify_ssl": true
            }
        ]
    },
    "default": {
        "attrs": {
            "hashes": [],
            "version": "==23.1.0"
        },
        "black": {
            "hashes": [],
            "version": "==23.9.1"
        },
        "click": {
            "hashes": [],
            "version": "==8.1.7"
        },
        "colorama": {
            "hashes": [
                "sha256:08695f5cb7ed6e0531a20572697297273c47b8cae5a63ffc6d6ed5c201be6e44",
                "sha256:4f1d9991f5acc0ca119f9d443620b77f9d6b33703e51011c16baf57afb285fc6"
            ],
            "markers": "sys_platform == 'win32'",
            "version": "==0.4.6"
        },
        "coverage": {
            "hashes": [],
            "version": "==7.3.1"
        },
        "exceptiongroup": {
            "hashes": [],
            "version": "==1.1.2"
        },
        "iniconfig": {
            "hashes": [],
            "version": "==2.0.0"
        },
        "mypy-extensions": {
            "hashes": [],
            "version": "==1.0.0"
        },
        "packaging": {
            "hashes": [],
            "version": "==23.1"
        },
        "pathspec": {
            "hashes": [],
            "version": "==0.11.2"
        },
        "platformdirs": {
            "hashes": [],
            "version": "==3.10.0"
        },
        "pluggy": {
            "hashes": [],
            "version": "==1.2.0"
        },
        "pyparsing": {
            "hashes": [],
            "version": "==3.1.1"
        },
        "pytest": {
            "hashes": [],
            "version": "==7.4.0"
        },
        "pytest-cov": {
            "hashes": [],
            "version": "==4.1.0"
        },
        "tomli": {
            "hashes": [
                "sha256:939de3e7a6161af0c887ef91b7d41a53e7c5a1ca976325f429cb46ea9bc30ecc",
                "sha256:de526c12914f0c550d15924c62d72abc48d6fe7364aa87328337a31007fe8a4f"
            ],
            "markers": "python_version < '3.11'",
            "version": "==2.0.1"
        }
    },
    "develop": {
        "astroid": {
            "hashes": [],
            "version": "==2.15.6"
        },
        "bandit": {
            "hashes": [],
            "version": "==1.7.5"
        },
        "colorama": {
            "hashes": [
                "sha256:08695f5cb7ed6e0531a20572697297273c47b8cae5a63ffc6d6ed5c201be6e44",
                "sha256:4f1d9991f5acc0ca119f9d443620b77f9d6b33703e51011c16baf57afb285fc6"
            ],
            "markers": "sys_platform == 'win32'",
            "version": "==0.4.6"
        },
        "dill": {
            "hashes": [],
            "version": "==0.3.7"
        },
        "gitdb": {
            "hashes": [],
            "version": "==4.0.10"
        },
        "gitpython": {
            "hashes": [],
            "version": "==3.1.32"
        },
        "isort": {
            "hashes": [],
            "version": "==5.12.0"
        },
        "lazy-object-proxy": {
            "hashes": [],
            "version": "==1.9.0"
        },
        "mccabe": {
            "hashes": [
                "sha256:348e0240c33b60bbdf4e523192ef919f28cb2c3d7d5c7794f74009290f236325",
                "sha256:6c2d30ab6be0e4a46919781807b4f0d834ebdd6c6e3dca0bda5a15f863427b6e"
            ],
            "markers": "python_version >= '3.6'",
            "version": "==0.7.0"
        },
        "packaging": {
            "hashes": [],
            "version": "==23.1"
        },
        "pbr": {
            "hashes": [],
            "version": "==5.11.1"
        },
        "platformdirs": {
            "hashes": [],
            "version": "==3.10.0"
        },
        "pylint": {
            "hashes": [],
            "version": "==2.17.5"
        },
        "pyparsing": {
            "hashes": [],
            "version": "==3.1.1"
        },
        "pytoolconfig": {
            "hashes": [],
            "version": "==1.2.5"
        },
        "pyyaml": {
            "hashes": [],
            "version": "==6.0.1"
        },
        "rope": {
            "hashes": [],
            "version": "==1.9.0"
        },
        "smmap": {
            "hashes": [
                "sha256:2aba19d6a040e78d8b09de5c57e96207b09ed71d8e55ce0959eeee6c8e190d94",
                "sha256:c840e62059cd3be204b0c9c9f74be2c09d5648eddd4580d9314c3ecde0b30936"
            ],
            "markers": "python_version >= '3.6'",
            "version": "==5.0.0"
        },
        "stevedore": {
            "hashes": [],
            "version": "==5.1.0"
        },
        "tomli": {
            "hashes": [
                "sha256:939de3e7a6161af0c887ef91b7d41a53e7c5a1ca976325f429cb46ea9bc30ecc",
                "sha256:de526c12914f0c550d15924c62d72abc48d6fe7364aa87328337a31007fe8a4f"
            ],
            "markers": "python_version < '3.11'",
            "version": "==2.0.1"
        },
        "tomlkit": {
            "hashes": [],
            "version": "==0.12.1"
        },
        "wrapt": {
            "hashes": [],
            "version": "==1.15.0"
        }
    }
}
